
Microsoft Visual Studio Solution File, Format Version 12.00
# Visual Studio Version 17
VisualStudioVersion = 17.3.32804.467
MinimumVisualStudioVersion = 10.0.40219.1
Project("{9A19103F-16F7-4668-BE54-9A1E7A4F7556}") = "LojaVirtual", "src\LojaVirtual.csproj", "{62986CE2-B7A0-44D1-977C-1A8B0C6B6C99}"
EndProject
Project("{9A19103F-16F7-4668-BE54-9A1E7A4F7556}") = "Correios.NET", "..\CorreiosNET1.3.1\Correios.NET-1.3.1\src\Correios.NET\Correios.NET.csproj", "{92D57AB2-7FF3-43DD-85C7-A0B91462C18E}"
EndProject
Global
	GlobalSection(SolutionConfigurationPlatforms) = preSolution
		Debug|Any CPU = Debug|Any CPU
		Release|Any CPU = Release|Any CPU
	EndGlobalSection
	GlobalSection(ProjectConfigurationPlatforms) = postSolution
		{62986CE2-B7A0-44D1-977C-1A8B0C6B6C99}.Debug|Any CPU.ActiveCfg = Debug|Any CPU
		{62986CE2-B7A0-44D1-977C-1A8B0C6B6C99}.Debug|Any CPU.Build.0 = Debug|Any CPU
		{62986CE2-B7A0-44D1-977C-1A8B0C6B6C99}.Release|Any CPU.ActiveCfg = Release|Any CPU
		{62986CE2-B7A0-44D1-977C-1A8B0C6B6C99}.Release|Any CPU.Build.0 = Release|Any CPU
		{92D57AB2-7FF3-43DD-85C7-A0B91462C18E}.Debug|Any CPU.ActiveCfg = Debug|Any CPU
		{92D57AB2-7FF3-43DD-85C7-A0B91462C18E}.Debug|Any CPU.Build.0 = Debug|Any CPU
		{92D57AB2-7FF3-43DD-85C7-A0B91462C18E}.Release|Any CPU.ActiveCfg = Release|Any CPU
		{92D57AB2-7FF3-43DD-85C7-A0B91462C18E}.Release|Any CPU.Build.0 = Release|Any CPU
	EndGlobalSection
	GlobalSection(SolutionProperties) = preSolution
		HideSolutionNode = FALSE
	EndGlobalSection
	GlobalSection(ExtensibilityGlobals) = postSolution
		SolutionGuid = {230BD8BD-54C2-4E1E-9CDD-C5557038EF91}
	EndGlobalSection
EndGlobal
